# This file is automatically @generated by Cargo.
# It is not intended for manual editing.
version = 3

[[package]]
name = "cargo_02"
version = "0.1.0"

[[package]]
name = "composite_data_type_09"
version = "0.1.0"

[[package]]
name = "data_type_05"
version = "0.1.0"

[[package]]
name = "enum_18"
version = "0.1.0"

[[package]]
name = "fuction_15"
version = "0.1.0"

[[package]]
name = "generic_01"
version = "0.1.0"

[[package]]
name = "hello_world_01"
version = "0.1.0"

[[package]]
name = "input_output_08"
version = "0.1.0"

[[package]]
name = "iterator_16"
version = "0.1.0"

[[package]]
name = "literals_operators_06"
version = "0.1.0"

[[package]]
name = "memory_03"
version = "0.1.0"

[[package]]
name = "ownership_04"
version = "0.1.0"

[[package]]
name = "process_control_14"
version = "0.1.0"

[[package]]
name = "reference_borrow_05"
version = "0.1.0"

[[package]]
name = "slice_11"
version = "0.1.0"

[[package]]
name = "specification_03"
version = "0.1.0"

[[package]]
name = "string_12"
version = "0.1.0"

[[package]]
name = "string_method_13"
version = "0.1.0"

[[package]]
name = "struct_17"
version = "0.1.0"

[[package]]
name = "trait_02"
version = "0.1.0"

[[package]]
name = "type_cast_07"
version = "0.1.0"

[[package]]
name = "variables_04"
version = "0.1.0"

[[package]]
name = "vector_10"
version = "0.1.0"
