# This file is automatically @generated by Cargo.
# It is not intended for manual editing.
version = 3

[[package]]
name = "cargo_02"
version = "0.1.0"

[[package]]
name = "data_type_05"
version = "0.1.0"

[[package]]
name = "hello_world_01"
version = "0.1.0"

[[package]]
name = "literals_operators_06"
version = "0.1.0"

[[package]]
name = "specification_03"
version = "0.1.0"

[[package]]
name = "variables_04"
version = "0.1.0"
